
Microsoft Visual Studio Solution File, Format Version 12.00
# Visual Studio Version 16
VisualStudioVersion = 16.0.30523.141
MinimumVisualStudioVersion = 10.0.40219.1
Project("{9A19103F-16F7-4668-BE54-9A1E7A4F7556}") = "TaskPubliciser", "TaskPubliciser.csproj", "{A39716AC-8D39-4A15-A560-C432A37018F8}"
EndProject
Global
	GlobalSection(SolutionConfigurationPlatforms) = preSolution
		Debug|Any CPU = Debug|Any CPU
		Release|Any CPU = Release|Any CPU
	EndGlobalSection
	GlobalSection(ProjectConfigurationPlatforms) = postSolution
		{A39716AC-8D39-4A15-A560-C432A37018F8}.Debug|Any CPU.ActiveCfg = Debug|Any CPU
		{A39716AC-8D39-4A15-A560-C432A37018F8}.Debug|Any CPU.Build.0 = Debug|Any CPU
		{A39716AC-8D39-4A15-A560-C432A37018F8}.Release|Any CPU.ActiveCfg = Release|Any CPU
		{A39716AC-8D39-4A15-A560-C432A37018F8}.Release|Any CPU.Build.0 = Release|Any CPU
	EndGlobalSection
	GlobalSection(SolutionProperties) = preSolution
		HideSolutionNode = FALSE
	EndGlobalSection
	GlobalSection(ExtensibilityGlobals) = postSolution
		SolutionGuid = {D2DC2E3E-BE83-4A80-8D19-E5B7B6B7C37E}
	EndGlobalSection
EndGlobal
